
Microsoft Visual Studio Solution File, Format Version 12.00
Project("{FAE04EC0-301F-11D3-BF4B-00C04F79EFBC}") = "ChildToParentQuizFunc", "ChildToParentQuizFunc\ChildToParentQuizFunc.csproj", "{2982D53B-8069-4A79-8EAF-7A8613EF07D0}"
EndProject
Global
	GlobalSection(SolutionConfigurationPlatforms) = preSolution
		Debug|Any CPU = Debug|Any CPU
		Release|Any CPU = Release|Any CPU
	EndGlobalSection
	GlobalSection(ProjectConfigurationPlatforms) = postSolution
		{2982D53B-8069-4A79-8EAF-7A8613EF07D0}.Debug|Any CPU.ActiveCfg = Debug|Any CPU
		{2982D53B-8069-4A79-8EAF-7A8613EF07D0}.Debug|Any CPU.Build.0 = Debug|Any CPU
		{2982D53B-8069-4A79-8EAF-7A8613EF07D0}.Release|Any CPU.ActiveCfg = Release|Any CPU
		{2982D53B-8069-4A79-8EAF-7A8613EF07D0}.Release|Any CPU.Build.0 = Release|Any CPU
	EndGlobalSection
EndGlobal
